
Microsoft Visual Studio Solution File, Format Version 11.00
# Visual Studio 2010
Project("{FAE04EC0-301F-11D3-BF4B-00C04F79EFBC}") = "WinPhoneClient", "WinPhoneClient.csproj", "{4DCBA2B2-7007-4C30-AACA-6F025218040E}"
EndProject
Global
	GlobalSection(SolutionConfigurationPlatforms) = preSolution
		Debug|Any CPU = Debug|Any CPU
		Release|Any CPU = Release|Any CPU
	EndGlobalSection
	GlobalSection(ProjectConfigurationPlatforms) = postSolution
		{4DCBA2B2-7007-4C30-AACA-6F025218040E}.Debug|Any CPU.ActiveCfg = Debug|Any CPU
		{4DCBA2B2-7007-4C30-AACA-6F025218040E}.Debug|Any CPU.Build.0 = Debug|Any CPU
		{4DCBA2B2-7007-4C30-AACA-6F025218040E}.Debug|Any CPU.Deploy.0 = Debug|Any CPU
		{4DCBA2B2-7007-4C30-AACA-6F025218040E}.Release|Any CPU.ActiveCfg = Release|Any CPU
		{4DCBA2B2-7007-4C30-AACA-6F025218040E}.Release|Any CPU.Build.0 = Release|Any CPU
		{4DCBA2B2-7007-4C30-AACA-6F025218040E}.Release|Any CPU.Deploy.0 = Release|Any CPU
	EndGlobalSection
	GlobalSection(SolutionProperties) = preSolution
		HideSolutionNode = FALSE
	EndGlobalSection
EndGlobal
